{
  "name": "allthecodes",
  "version": "0.1.10",
  "lockfileVersion": 3,
  "requires": true,
  "packages": {
    "": {
      "name": "allthecodes",
      "version": "0.1.10",
      "license": "Apache-2.0",
      "bin": {
        "allthecodes": "bin/allthecodes.js"
      },
      "engines": {
        "node": ">=18"
      },
      "optionalDependencies": {
        "allthecodes-darwin-arm64": "npm:allthecodes@0.1.10-darwin-arm64",
        "allthecodes-darwin-x64": "npm:allthecodes@0.1.10-darwin-x64",
        "allthecodes-linux-arm64": "npm:allthecodes@0.1.10-linux-arm64",
        "allthecodes-linux-x64": "npm:allthecodes@0.1.10-linux-x64",
        "allthecodes-win32-arm64": "npm:allthecodes@0.1.10-win32-arm64",
        "allthecodes-win32-x64": "npm:allthecodes@0.1.10-win32-x64"
      }
    }
  }
}
